
Microsoft Visual Studio Solution File, Format Version 12.00
# Visual Studio Version 17
VisualStudioVersion = 17.5.33627.172
MinimumVisualStudioVersion = 10.0.40219.1
Project("{FAE04EC0-301F-11D3-BF4B-00C04F79EFBC}") = "KitchenProject", "KitchenProject.csproj", "{8A80BAAD-6106-41AD-B777-6B4788A430D4}"
EndProject
Global
	GlobalSection(SolutionConfigurationPlatforms) = preSolution
		Debug|Any CPU = Debug|Any CPU
		Release|Any CPU = Release|Any CPU
	EndGlobalSection
	GlobalSection(ProjectConfigurationPlatforms) = postSolution
		{8A80BAAD-6106-41AD-B777-6B4788A430D4}.Debug|Any CPU.ActiveCfg = Debug|Any CPU
		{8A80BAAD-6106-41AD-B777-6B4788A430D4}.Debug|Any CPU.Build.0 = Debug|Any CPU
		{8A80BAAD-6106-41AD-B777-6B4788A430D4}.Release|Any CPU.ActiveCfg = Release|Any CPU
		{8A80BAAD-6106-41AD-B777-6B4788A430D4}.Release|Any CPU.Build.0 = Release|Any CPU
	EndGlobalSection
	GlobalSection(SolutionProperties) = preSolution
		HideSolutionNode = FALSE
	EndGlobalSection
	GlobalSection(ExtensibilityGlobals) = postSolution
		SolutionGuid = {DFA53628-3891-42A1-AE83-9FBC8561C382}
	EndGlobalSection
EndGlobal
